
Microsoft Visual Studio Solution File, Format Version 12.00
# Visual Studio 2013
VisualStudioVersion = 12.0.31101.0
MinimumVisualStudioVersion = 10.0.40219.1
Project("{2150E333-8FDC-42A3-9474-1A3956D46DE8}") = "Service Locator", "Service Locator", "{552320C6-2744-4BD2-9DB3-D617CD28DAAB}"
EndProject
Project("{2150E333-8FDC-42A3-9474-1A3956D46DE8}") = "Constructor", "Constructor", "{0A08E99D-5361-409E-BF16-88E0C115AE82}"
EndProject
Project("{2150E333-8FDC-42A3-9474-1A3956D46DE8}") = "1. Clients", "1. Clients", "{FCB4B212-9C6F-460A-BE98-B0F77A8A6329}"
EndProject
Project("{2150E333-8FDC-42A3-9474-1A3956D46DE8}") = "2. Managers", "2. Managers", "{E489E938-F9FE-4C5D-A192-424E1B383B5A}"
EndProject
Project("{2150E333-8FDC-42A3-9474-1A3956D46DE8}") = "3. Engines", "3. Engines", "{DA4CAD88-A704-4014-8D21-75F4493FC569}"
EndProject
Project("{2150E333-8FDC-42A3-9474-1A3956D46DE8}") = "4. Accessors", "4. Accessors", "{7216DCB3-07EF-4812-8373-DE0B679B7873}"
EndProject
Project("{2150E333-8FDC-42A3-9474-1A3956D46DE8}") = "5. Shared", "5. Shared", "{7D10B042-3C88-4A01-881F-C3A1768C7407}"
EndProject
Project("{FAE04EC0-301F-11D3-BF4B-00C04F79EFBC}") = "ServiceLocator.Shared", "DITechniques.ServiceLocator.Shared\ServiceLocator.Shared.csproj", "{3F007FFD-15AB-4948-A1B8-0D5C03157977}"
EndProject
Project("{FAE04EC0-301F-11D3-BF4B-00C04F79EFBC}") = "ServiceLocator.Engines", "DITechniques.ServiceLocator.Engines\ServiceLocator.Engines.csproj", "{9B92CD3B-B427-43F2-B2D0-7111DB0AAE8C}"
EndProject
Project("{FAE04EC0-301F-11D3-BF4B-00C04F79EFBC}") = "ServiceLocator.Managers", "DITechniques.ServiceLocator.Managers\ServiceLocator.Managers.csproj", "{38519B05-DE81-4850-ADE3-910F499B1DD9}"
EndProject
Project("{FAE04EC0-301F-11D3-BF4B-00C04F79EFBC}") = "DITechniques.ServiceLocator.Accessors", "DITechniques.ServiceLocator.Accessors\DITechniques.ServiceLocator.Accessors.csproj", "{3C9E4756-A622-41FF-9DCE-BB87B01BBBC9}"
EndProject
Project("{FAE04EC0-301F-11D3-BF4B-00C04F79EFBC}") = "ServiceLocator.Client", "DITechniques.ServiceLocator.Client\ServiceLocator.Client.csproj", "{F54225BA-4B11-4936-884E-0390B69C8C74}"
EndProject
Project("{2150E333-8FDC-42A3-9474-1A3956D46DE8}") = "1. Clients", "1. Clients", "{CF0E0593-E7EB-4B26-A8C2-CDB273F7063E}"
EndProject
Project("{2150E333-8FDC-42A3-9474-1A3956D46DE8}") = "2. Managers", "2. Managers", "{2C9765AE-3A93-4F41-B98A-3ED364DE1FC0}"
EndProject
Project("{2150E333-8FDC-42A3-9474-1A3956D46DE8}") = "3. Engines", "3. Engines", "{EDDD9A3A-C1C2-4AA3-B2FF-B24A523ED726}"
EndProject
Project("{2150E333-8FDC-42A3-9474-1A3956D46DE8}") = "4. Accessors", "4. Accessors", "{2E8592A1-A803-4760-A636-DEBBCF87BFE4}"
EndProject
Project("{2150E333-8FDC-42A3-9474-1A3956D46DE8}") = "5. Shared", "5. Shared", "{F672465E-701B-4AF3-9ACB-ED9E5F6B7800}"
EndProject
Project("{FAE04EC0-301F-11D3-BF4B-00C04F79EFBC}") = "Constructor.Shared", "DITechniques.Constructor.Shared\Constructor.Shared.csproj", "{F89C47C2-5B65-4C06-8D10-1E8F087D2F19}"
EndProject
Project("{FAE04EC0-301F-11D3-BF4B-00C04F79EFBC}") = "Constructor.Client", "DITechniques.Constructor.Client\Constructor.Client.csproj", "{648786A1-3560-4DBB-9507-E0CF2444D549}"
EndProject
Project("{FAE04EC0-301F-11D3-BF4B-00C04F79EFBC}") = "Constructor.Managers", "DITechniques.Constructor.Managers\Constructor.Managers.csproj", "{8E02661E-D2EE-473D-AA06-1FBC13E1FF86}"
EndProject
Project("{FAE04EC0-301F-11D3-BF4B-00C04F79EFBC}") = "Constructor.Engines", "DITechniques.Constructor.Engines\Constructor.Engines.csproj", "{90C6904A-68EC-4CA3-9582-90BF5BB1D7A7}"
EndProject
Project("{FAE04EC0-301F-11D3-BF4B-00C04F79EFBC}") = "Constructor.Accessors", "DITechniques.Constructor.Accessors\Constructor.Accessors.csproj", "{5AC139F9-C2A8-4EF0-BFBA-35701A5462D4}"
EndProject
Global
	GlobalSection(SolutionConfigurationPlatforms) = preSolution
		Debug|Any CPU = Debug|Any CPU
		Release|Any CPU = Release|Any CPU
	EndGlobalSection
	GlobalSection(ProjectConfigurationPlatforms) = postSolution
		{3F007FFD-15AB-4948-A1B8-0D5C03157977}.Debug|Any CPU.ActiveCfg = Debug|Any CPU
		{3F007FFD-15AB-4948-A1B8-0D5C03157977}.Debug|Any CPU.Build.0 = Debug|Any CPU
		{3F007FFD-15AB-4948-A1B8-0D5C03157977}.Release|Any CPU.ActiveCfg = Release|Any CPU
		{3F007FFD-15AB-4948-A1B8-0D5C03157977}.Release|Any CPU.Build.0 = Release|Any CPU
		{9B92CD3B-B427-43F2-B2D0-7111DB0AAE8C}.Debug|Any CPU.ActiveCfg = Debug|Any CPU
		{9B92CD3B-B427-43F2-B2D0-7111DB0AAE8C}.Debug|Any CPU.Build.0 = Debug|Any CPU
		{9B92CD3B-B427-43F2-B2D0-7111DB0AAE8C}.Release|Any CPU.ActiveCfg = Release|Any CPU
		{9B92CD3B-B427-43F2-B2D0-7111DB0AAE8C}.Release|Any CPU.Build.0 = Release|Any CPU
		{38519B05-DE81-4850-ADE3-910F499B1DD9}.Debug|Any CPU.ActiveCfg = Debug|Any CPU
		{38519B05-DE81-4850-ADE3-910F499B1DD9}.Debug|Any CPU.Build.0 = Debug|Any CPU
		{38519B05-DE81-4850-ADE3-910F499B1DD9}.Release|Any CPU.ActiveCfg = Release|Any CPU
		{38519B05-DE81-4850-ADE3-910F499B1DD9}.Release|Any CPU.Build.0 = Release|Any CPU
		{3C9E4756-A622-41FF-9DCE-BB87B01BBBC9}.Debug|Any CPU.ActiveCfg = Debug|Any CPU
		{3C9E4756-A622-41FF-9DCE-BB87B01BBBC9}.Debug|Any CPU.Build.0 = Debug|Any CPU
		{3C9E4756-A622-41FF-9DCE-BB87B01BBBC9}.Release|Any CPU.ActiveCfg = Release|Any CPU
		{3C9E4756-A622-41FF-9DCE-BB87B01BBBC9}.Release|Any CPU.Build.0 = Release|Any CPU
		{F54225BA-4B11-4936-884E-0390B69C8C74}.Debug|Any CPU.ActiveCfg = Debug|Any CPU
		{F54225BA-4B11-4936-884E-0390B69C8C74}.Debug|Any CPU.Build.0 = Debug|Any CPU
		{F54225BA-4B11-4936-884E-0390B69C8C74}.Release|Any CPU.ActiveCfg = Release|Any CPU
		{F54225BA-4B11-4936-884E-0390B69C8C74}.Release|Any CPU.Build.0 = Release|Any CPU
		{F89C47C2-5B65-4C06-8D10-1E8F087D2F19}.Debug|Any CPU.ActiveCfg = Debug|Any CPU
		{F89C47C2-5B65-4C06-8D10-1E8F087D2F19}.Debug|Any CPU.Build.0 = Debug|Any CPU
		{F89C47C2-5B65-4C06-8D10-1E8F087D2F19}.Release|Any CPU.ActiveCfg = Release|Any CPU
		{F89C47C2-5B65-4C06-8D10-1E8F087D2F19}.Release|Any CPU.Build.0 = Release|Any CPU
		{648786A1-3560-4DBB-9507-E0CF2444D549}.Debug|Any CPU.ActiveCfg = Debug|Any CPU
		{648786A1-3560-4DBB-9507-E0CF2444D549}.Debug|Any CPU.Build.0 = Debug|Any CPU
		{648786A1-3560-4DBB-9507-E0CF2444D549}.Release|Any CPU.ActiveCfg = Release|Any CPU
		{648786A1-3560-4DBB-9507-E0CF2444D549}.Release|Any CPU.Build.0 = Release|Any CPU
		{8E02661E-D2EE-473D-AA06-1FBC13E1FF86}.Debug|Any CPU.ActiveCfg = Debug|Any CPU
		{8E02661E-D2EE-473D-AA06-1FBC13E1FF86}.Debug|Any CPU.Build.0 = Debug|Any CPU
		{8E02661E-D2EE-473D-AA06-1FBC13E1FF86}.Release|Any CPU.ActiveCfg = Release|Any CPU
		{8E02661E-D2EE-473D-AA06-1FBC13E1FF86}.Release|Any CPU.Build.0 = Release|Any CPU
		{90C6904A-68EC-4CA3-9582-90BF5BB1D7A7}.Debug|Any CPU.ActiveCfg = Debug|Any CPU
		{90C6904A-68EC-4CA3-9582-90BF5BB1D7A7}.Debug|Any CPU.Build.0 = Debug|Any CPU
		{90C6904A-68EC-4CA3-9582-90BF5BB1D7A7}.Release|Any CPU.ActiveCfg = Release|Any CPU
		{90C6904A-68EC-4CA3-9582-90BF5BB1D7A7}.Release|Any CPU.Build.0 = Release|Any CPU
		{5AC139F9-C2A8-4EF0-BFBA-35701A5462D4}.Debug|Any CPU.ActiveCfg = Debug|Any CPU
		{5AC139F9-C2A8-4EF0-BFBA-35701A5462D4}.Debug|Any CPU.Build.0 = Debug|Any CPU
		{5AC139F9-C2A8-4EF0-BFBA-35701A5462D4}.Release|Any CPU.ActiveCfg = Release|Any CPU
		{5AC139F9-C2A8-4EF0-BFBA-35701A5462D4}.Release|Any CPU.Build.0 = Release|Any CPU
	EndGlobalSection
	GlobalSection(SolutionProperties) = preSolution
		HideSolutionNode = FALSE
	EndGlobalSection
	GlobalSection(NestedProjects) = preSolution
		{FCB4B212-9C6F-460A-BE98-B0F77A8A6329} = {552320C6-2744-4BD2-9DB3-D617CD28DAAB}
		{E489E938-F9FE-4C5D-A192-424E1B383B5A} = {552320C6-2744-4BD2-9DB3-D617CD28DAAB}
		{DA4CAD88-A704-4014-8D21-75F4493FC569} = {552320C6-2744-4BD2-9DB3-D617CD28DAAB}
		{7216DCB3-07EF-4812-8373-DE0B679B7873} = {552320C6-2744-4BD2-9DB3-D617CD28DAAB}
		{7D10B042-3C88-4A01-881F-C3A1768C7407} = {552320C6-2744-4BD2-9DB3-D617CD28DAAB}
		{3F007FFD-15AB-4948-A1B8-0D5C03157977} = {7D10B042-3C88-4A01-881F-C3A1768C7407}
		{9B92CD3B-B427-43F2-B2D0-7111DB0AAE8C} = {DA4CAD88-A704-4014-8D21-75F4493FC569}
		{38519B05-DE81-4850-ADE3-910F499B1DD9} = {E489E938-F9FE-4C5D-A192-424E1B383B5A}
		{3C9E4756-A622-41FF-9DCE-BB87B01BBBC9} = {7216DCB3-07EF-4812-8373-DE0B679B7873}
		{F54225BA-4B11-4936-884E-0390B69C8C74} = {FCB4B212-9C6F-460A-BE98-B0F77A8A6329}
		{CF0E0593-E7EB-4B26-A8C2-CDB273F7063E} = {0A08E99D-5361-409E-BF16-88E0C115AE82}
		{2C9765AE-3A93-4F41-B98A-3ED364DE1FC0} = {0A08E99D-5361-409E-BF16-88E0C115AE82}
		{EDDD9A3A-C1C2-4AA3-B2FF-B24A523ED726} = {0A08E99D-5361-409E-BF16-88E0C115AE82}
		{2E8592A1-A803-4760-A636-DEBBCF87BFE4} = {0A08E99D-5361-409E-BF16-88E0C115AE82}
		{F672465E-701B-4AF3-9ACB-ED9E5F6B7800} = {0A08E99D-5361-409E-BF16-88E0C115AE82}
		{F89C47C2-5B65-4C06-8D10-1E8F087D2F19} = {F672465E-701B-4AF3-9ACB-ED9E5F6B7800}
		{648786A1-3560-4DBB-9507-E0CF2444D549} = {CF0E0593-E7EB-4B26-A8C2-CDB273F7063E}
		{8E02661E-D2EE-473D-AA06-1FBC13E1FF86} = {2C9765AE-3A93-4F41-B98A-3ED364DE1FC0}
		{90C6904A-68EC-4CA3-9582-90BF5BB1D7A7} = {EDDD9A3A-C1C2-4AA3-B2FF-B24A523ED726}
		{5AC139F9-C2A8-4EF0-BFBA-35701A5462D4} = {2E8592A1-A803-4760-A636-DEBBCF87BFE4}
	EndGlobalSection
EndGlobal
